// !$*UTF8*$!
{
	archiveVersion = 1;
	classes = {
	};
	objectVersion = 50;
	objects = {

/* Begin PBXBuildFile section */
		DE63994E24FB9C5D00DF55E1 /* AppDelegate.swift in Sources */ = {isa = PBXBuildFile; fileRef = DE63994D24FB9C5D00DF55E1 /* AppDelegate.swift */; };
		DE63995024FB9C5D00DF55E1 /* ViewController.swift in Sources */ = {isa = PBXBuildFile; fileRef = DE63994F24FB9C5D00DF55E1 /* ViewController.swift */; };
		DE63995324FB9C5D00DF55E1 /* Main.storyboard in Resources */ = {isa = PBXBuildFile; fileRef = DE63995124FB9C5D00DF55E1 /* Main.storyboard */; };
		DE63995524FB9C5E00DF55E1 /* Assets.xcassets in Resources */ = {isa = PBXBuildFile; fileRef = DE63995424FB9C5E00DF55E1 /* Assets.xcassets */; };
		DE63995824FB9C5E00DF55E1 /* LaunchScreen.storyboard in Resources */ = {isa = PBXBuildFile; fileRef = DE63995624FB9C5E00DF55E1 /* LaunchScreen.storyboard */; };
		DE63996124FB9D1B00DF55E1 /* BBViewController.swift in Sources */ = {isa = PBXBuildFile; fileRef = DE63995F24FB9D1B00DF55E1 /* BBViewController.swift */; };
		DE63996224FB9D1B00DF55E1 /* BBViewController.xib in Resources */ = {isa = PBXBuildFile; fileRef = DE63996024FB9D1B00DF55E1 /* BBViewController.xib */; };
		DE63996524FB9D9C00DF55E1 /* CCViewController.swift in Sources */ = {isa = PBXBuildFile; fileRef = DE63996324FB9D9C00DF55E1 /* CCViewController.swift */; };
		DE63996624FB9D9C00DF55E1 /* CCViewController.xib in Resources */ = {isa = PBXBuildFile; fileRef = DE63996424FB9D9C00DF55E1 /* CCViewController.xib */; };
		DE63996B24FB9F0400DF55E1 /* UserVC.swift in Sources */ = {isa = PBXBuildFile; fileRef = DE63996924FB9F0400DF55E1 /* UserVC.swift */; };
		DE63996C24FB9F0400DF55E1 /* UserVC.xib in Resources */ = {isa = PBXBuildFile; fileRef = DE63996A24FB9F0400DF55E1 /* UserVC.xib */; };
		DE63996F24FB9F1100DF55E1 /* HomeVC.swift in Sources */ = {isa = PBXBuildFile; fileRef = DE63996D24FB9F1100DF55E1 /* HomeVC.swift */; };
		DE63997024FB9F1100DF55E1 /* HomeVC.xib in Resources */ = {isa = PBXBuildFile; fileRef = DE63996E24FB9F1100DF55E1 /* HomeVC.xib */; };
/* End PBXBuildFile section */

/* Begin PBXFileReference section */
		DE63994A24FB9C5D00DF55E1 /* SugarGit.app */ = {isa = PBXFileReference; explicitFileType = wrapper.application; includeInIndex = 0; path = SugarGit.app; sourceTree = BUILT_PRODUCTS_DIR; };
		DE63994D24FB9C5D00DF55E1 /* AppDelegate.swift */ = {isa = PBXFileReference; lastKnownFileType = sourcecode.swift; path = AppDelegate.swift; sourceTree = "<group>"; };
		DE63994F24FB9C5D00DF55E1 /* ViewController.swift */ = {isa = PBXFileReference; lastKnownFileType = sourcecode.swift; path = ViewController.swift; sourceTree = "<group>"; };
		DE63995224FB9C5D00DF55E1 /* Base */ = {isa = PBXFileReference; lastKnownFileType = file.storyboard; name = Base; path = Base.lproj/Main.storyboard; sourceTree = "<group>"; };
		DE63995424FB9C5E00DF55E1 /* Assets.xcassets */ = {isa = PBXFileReference; lastKnownFileType = folder.assetcatalog; path = Assets.xcassets; sourceTree = "<group>"; };
		DE63995724FB9C5E00DF55E1 /* Base */ = {isa = PBXFileReference; lastKnownFileType = file.storyboard; name = Base; path = Base.lproj/LaunchScreen.storyboard; sourceTree = "<group>"; };
		DE63995924FB9C5E00DF55E1 /* Info.plist */ = {isa = PBXFileReference; lastKnownFileType = text.plist.xml; path = Info.plist; sourceTree = "<group>"; };
		DE63995F24FB9D1B00DF55E1 /* BBViewController.swift */ = {isa = PBXFileReference; lastKnownFileType = sourcecode.swift; path = BBViewController.swift; sourceTree = "<group>"; };
		DE63996024FB9D1B00DF55E1 /* BBViewController.xib */ = {isa = PBXFileReference; lastKnownFileType = file.xib; path = BBViewController.xib; sourceTree = "<group>"; };
		DE63996324FB9D9C00DF55E1 /* CCViewController.swift */ = {isa = PBXFileReference; lastKnownFileType = sourcecode.swift; path = CCViewController.swift; sourceTree = "<group>"; };
		DE63996424FB9D9C00DF55E1 /* CCViewController.xib */ = {isa = PBXFileReference; lastKnownFileType = file.xib; path = CCViewController.xib; sourceTree = "<group>"; };
		DE63996924FB9F0400DF55E1 /* UserVC.swift */ = {isa = PBXFileReference; lastKnownFileType = sourcecode.swift; path = UserVC.swift; sourceTree = "<group>"; };
		DE63996A24FB9F0400DF55E1 /* UserVC.xib */ = {isa = PBXFileReference; lastKnownFileType = file.xib; path = UserVC.xib; sourceTree = "<group>"; };
		DE63996D24FB9F1100DF55E1 /* HomeVC.swift */ = {isa = PBXFileReference; lastKnownFileType = sourcecode.swift; path = HomeVC.swift; sourceTree = "<group>"; };
		DE63996E24FB9F1100DF55E1 /* HomeVC.xib */ = {isa = PBXFileReference; lastKnownFileType = file.xib; path = HomeVC.xib; sourceTree = "<group>"; };
/* End PBXFileReference section */

/* Begin PBXFrameworksBuildPhase section */
		DE63994724FB9C5D00DF55E1 /* Frameworks */ = {
			isa = PBXFrameworksBuildPhase;
			buildActionMask = 2147483647;
			files = (
			);
			runOnlyForDeploymentPostprocessing = 0;
		};
/* End PBXFrameworksBuildPhase section */

/* Begin PBXGroup section */
		DE63994124FB9C5D00DF55E1 = {
			isa = PBXGroup;
			children = (
				DE63994C24FB9C5D00DF55E1 /* SugarGit */,
				DE63994B24FB9C5D00DF55E1 /* Products */,
			);
			sourceTree = "<group>";
		};
		DE63994B24FB9C5D00DF55E1 /* Products */ = {
			isa = PBXGroup;
			children = (
				DE63994A24FB9C5D00DF55E1 /* SugarGit.app */,
			);
			name = Products;
			sourceTree = "<group>";
		};
		DE63994C24FB9C5D00DF55E1 /* SugarGit */ = {
			isa = PBXGroup;
			children = (
				DE63996824FB9EC400DF55E1 /* UserVC */,
				DE63996724FB9EBB00DF55E1 /* HomeVC */,
				DE63994D24FB9C5D00DF55E1 /* AppDelegate.swift */,
				DE63994F24FB9C5D00DF55E1 /* ViewController.swift */,
				DE63995F24FB9D1B00DF55E1 /* BBViewController.swift */,
				DE63996024FB9D1B00DF55E1 /* BBViewController.xib */,
				DE63996324FB9D9C00DF55E1 /* CCViewController.swift */,
				DE63996424FB9D9C00DF55E1 /* CCViewController.xib */,
				DE63995124FB9C5D00DF55E1 /* Main.storyboard */,
				DE63995424FB9C5E00DF55E1 /* Assets.xcassets */,
				DE63995624FB9C5E00DF55E1 /* LaunchScreen.storyboard */,
				DE63995924FB9C5E00DF55E1 /* Info.plist */,
			);
			path = SugarGit;
			sourceTree = "<group>";
		};
		DE63996724FB9EBB00DF55E1 /* HomeVC */ = {
			isa = PBXGroup;
			children = (
				DE63996D24FB9F1100DF55E1 /* HomeVC.swift */,
				DE63996E24FB9F1100DF55E1 /* HomeVC.xib */,
			);
			path = HomeVC;
			sourceTree = "<group>";
		};
		DE63996824FB9EC400DF55E1 /* UserVC */ = {
			isa = PBXGroup;
			children = (
				DE63996924FB9F0400DF55E1 /* UserVC.swift */,
				DE63996A24FB9F0400DF55E1 /* UserVC.xib */,
			);
			path = UserVC;
			sourceTree = "<group>";
		};
/* End PBXGroup section */

/* Begin PBXNativeTarget section */
		DE63994924FB9C5D00DF55E1 /* SugarGit */ = {
			isa = PBXNativeTarget;
			buildConfigurationList = DE63995C24FB9C5E00DF55E1 /* Build configuration list for PBXNativeTarget "SugarGit" */;
			buildPhases = (
				DE63994624FB9C5D00DF55E1 /* Sources */,
				DE63994724FB9C5D00DF55E1 /* Frameworks */,
				DE63994824FB9C5D00DF55E1 /* Resources */,
			);
			buildRules = (
			);
			dependencies = (
			);
			name = SugarGit;
			productName = SugarGit;
			productReference = DE63994A24FB9C5D00DF55E1 /* SugarGit.app */;
			productType = "com.apple.product-type.application";
		};
/* End PBXNativeTarget section */

/* Begin PBXProject section */
		DE63994224FB9C5D00DF55E1 /* Project object */ = {
			isa = PBXProject;
			attributes = {
				LastSwiftUpdateCheck = 1030;
				LastUpgradeCheck = 1030;
				ORGANIZATIONNAME = sugdev;
				TargetAttributes = {
					DE63994924FB9C5D00DF55E1 = {
						CreatedOnToolsVersion = 10.3;
					};
				};
			};
			buildConfigurationList = DE63994524FB9C5D00DF55E1 /* Build configuration list for PBXProject "SugarGit" */;
			compatibilityVersion = "Xcode 9.3";
			developmentRegion = en;
			hasScannedForEncodings = 0;
			knownRegions = (
				en,
				Base,
			);
			mainGroup = DE63994124FB9C5D00DF55E1;
			productRefGroup = DE63994B24FB9C5D00DF55E1 /* Products */;
			projectDirPath = "";
			projectRoot = "";
			targets = (
				DE63994924FB9C5D00DF55E1 /* SugarGit */,
			);
		};
/* End PBXProject section */

/* Begin PBXResourcesBuildPhase section */
		DE63994824FB9C5D00DF55E1 /* Resources */ = {
			isa = PBXResourcesBuildPhase;
			buildActionMask = 2147483647;
			files = (
				DE63996224FB9D1B00DF55E1 /* BBViewController.xib in Resources */,
				DE63995824FB9C5E00DF55E1 /* LaunchScreen.storyboard in Resources */,
				DE63995524FB9C5E00DF55E1 /* Assets.xcassets in Resources */,
				DE63995324FB9C5D00DF55E1 /* Main.storyboard in Resources */,
				DE63996624FB9D9C00DF55E1 /* CCViewController.xib in Resources */,
				DE63996C24FB9F0400DF55E1 /* UserVC.xib in Resources */,
				DE63997024FB9F1100DF55E1 /* HomeVC.xib in Resources */,
			);
			runOnlyForDeploymentPostprocessing = 0;
		};
/* End PBXResourcesBuildPhase section */

/* Begin PBXSourcesBuildPhase section */
		DE63994624FB9C5D00DF55E1 /* Sources */ = {
			isa = PBXSourcesBuildPhase;
			buildActionMask = 2147483647;
			files = (
				DE63996124FB9D1B00DF55E1 /* BBViewController.swift in Sources */,
				DE63996B24FB9F0400DF55E1 /* UserVC.swift in Sources */,
				DE63995024FB9C5D00DF55E1 /* ViewController.swift in Sources */,
				DE63996F24FB9F1100DF55E1 /* HomeVC.swift in Sources */,
				DE63996524FB9D9C00DF55E1 /* CCViewController.swift in Sources */,
				DE63994E24FB9C5D00DF55E1 /* AppDelegate.swift in Sources */,
			);
			runOnlyForDeploymentPostprocessing = 0;
		};
/* End PBXSourcesBuildPhase section */

/* Begin PBXVariantGroup section */
		DE63995124FB9C5D00DF55E1 /* Main.storyboard */ = {
			isa = PBXVariantGroup;
			children = (
				DE63995224FB9C5D00DF55E1 /* Base */,
			);
			name = Main.storyboard;
			sourceTree = "<group>";
		};
		DE63995624FB9C5E00DF55E1 /* LaunchScreen.storyboard */ = {
			isa = PBXVariantGroup;
			children = (
				DE63995724FB9C5E00DF55E1 /* Base */,
			);
			name = LaunchScreen.storyboard;
			sourceTree = "<group>";
		};
/* End PBXVariantGroup section */

/* Begin XCBuildConfiguration section */
		DE63995A24FB9C5E00DF55E1 /* Debug */ = {
			isa = XCBuildConfiguration;
			buildSettings = {
				ALWAYS_SEARCH_USER_PATHS = NO;
				CLANG_ANALYZER_NONNULL = YES;
				CLANG_ANALYZER_NUMBER_OBJECT_CONVERSION = YES_AGGRESSIVE;
				CLANG_CXX_LANGUAGE_STANDARD = "gnu++14";
				CLANG_CXX_LIBRARY = "libc++";
				CLANG_ENABLE_MODULES = YES;
				CLANG_ENABLE_OBJC_ARC = YES;
				CLANG_ENABLE_OBJC_WEAK = YES;
				CLANG_WARN_BLOCK_CAPTURE_AUTORELEASING = YES;
				CLANG_WARN_BOOL_CONVERSION = YES;
				CLANG_WARN_COMMA = YES;
				CLANG_WARN_CONSTANT_CONVERSION = YES;
				CLANG_WARN_DEPRECATED_OBJC_IMPLEMENTATIONS = YES;
				CLANG_WARN_DIRECT_OBJC_ISA_USAGE = YES_ERROR;
				CLANG_WARN_DOCUMENTATION_COMMENTS = YES;
				CLANG_WARN_EMPTY_BODY = YES;
				CLANG_WARN_ENUM_CONVERSION = YES;
				CLANG_WARN_INFINITE_RECURSION = YES;
				CLANG_WARN_INT_CONVERSION = YES;
				CLANG_WARN_NON_LITERAL_NULL_CONVERSION = YES;
				CLANG_WARN_OBJC_IMPLICIT_RETAIN_SELF = YES;
				CLANG_WARN_OBJC_LITERAL_CONVERSION = YES;
				CLANG_WARN_OBJC_ROOT_CLASS = YES_ERROR;
				CLANG_WARN_RANGE_LOOP_ANALYSIS = YES;
				CLANG_WARN_STRICT_PROTOTYPES = YES;
				CLANG_WARN_SUSPICIOUS_MOVE = YES;
				CLANG_WARN_UNGUARDED_AVAILABILITY = YES_AGGRESSIVE;
				CLANG_WARN_UNREACHABLE_CODE = YES;
				CLANG_WARN__DUPLICATE_METHOD_MATCH = YES;
				CODE_SIGN_IDENTITY = "iPhone Developer";
				COPY_PHASE_STRIP = NO;
				DEBUG_INFORMATION_FORMAT = dwarf;
				ENABLE_STRICT_OBJC_MSGSEND = YES;
				ENABLE_TESTABILITY = YES;
				GCC_C_LANGUAGE_STANDARD = gnu11;
				GCC_DYNAMIC_NO_PIC = NO;
				GCC_NO_COMMON_BLOCKS = YES;
				GCC_OPTIMIZATION_LEVEL = 0;
				GCC_PREPROCESSOR_DEFINITIONS = (
					"DEBUG=1",
					"$(inherited)",
				);
				GCC_WARN_64_TO_32_BIT_CONVERSION = YES;
				GCC_WARN_ABOUT_RETURN_TYPE = YES_ERROR;
				GCC_WARN_UNDECLARED_SELECTOR = YES;
				GCC_WARN_UNINITIALIZED_AUTOS = YES_AGGRESSIVE;
				GCC_WARN_UNUSED_FUNCTION = YES;
				GCC_WARN_UNUSED_VARIABLE = YES;
				IPHONEOS_DEPLOYMENT_TARGET = 12.4;
				MTL_ENABLE_DEBUG_INFO = INCLUDE_SOURCE;
				MTL_FAST_MATH = YES;
				ONLY_ACTIVE_ARCH = YES;
				SDKROOT = iphoneos;
				SWIFT_ACTIVE_COMPILATION_CONDITIONS = DEBUG;
				SWIFT_OPTIMIZATION_LEVEL = "-Onone";
			};
			name = Debug;
		};
		DE63995B24FB9C5E00DF55E1 /* Release */ = {
			isa = XCBuildConfiguration;
			buildSettings = {
				ALWAYS_SEARCH_USER_PATHS = NO;
				CLANG_ANALYZER_NONNULL = YES;
				CLANG_ANALYZER_NUMBER_OBJECT_CONVERSION = YES_AGGRESSIVE;
				CLANG_CXX_LANGUAGE_STANDARD = "gnu++14";
				CLANG_CXX_LIBRARY = "libc++";
				CLANG_ENABLE_MODULES = YES;
				CLANG_ENABLE_OBJC_ARC = YES;
				CLANG_ENABLE_OBJC_WEAK = YES;
				CLANG_WARN_BLOCK_CAPTURE_AUTORELEASING = YES;
				CLANG_WARN_BOOL_CONVERSION = YES;
				CLANG_WARN_COMMA = YES;
				CLANG_WARN_CONSTANT_CONVERSION = YES;
				CLANG_WARN_DEPRECATED_OBJC_IMPLEMENTATIONS = YES;
				CLANG_WARN_DIRECT_OBJC_ISA_USAGE = YES_ERROR;
				CLANG_WARN_DOCUMENTATION_COMMENTS = YES;
				CLANG_WARN_EMPTY_BODY = YES;
				CLANG_WARN_ENUM_CONVERSION = YES;
				CLANG_WARN_INFINITE_RECURSION = YES;
				CLANG_WARN_INT_CONVERSION = YES;
				CLANG_WARN_NON_LITERAL_NULL_CONVERSION = YES;
				CLANG_WARN_OBJC_IMPLICIT_RETAIN_SELF = YES;
				CLANG_WARN_OBJC_LITERAL_CONVERSION = YES;
				CLANG_WARN_OBJC_ROOT_CLASS = YES_ERROR;
				CLANG_WARN_RANGE_LOOP_ANALYSIS = YES;
				CLANG_WARN_STRICT_PROTOTYPES = YES;
				CLANG_WARN_SUSPICIOUS_MOVE = YES;
				CLANG_WARN_UNGUARDED_AVAILABILITY = YES_AGGRESSIVE;
				CLANG_WARN_UNREACHABLE_CODE = YES;
				CLANG_WARN__DUPLICATE_METHOD_MATCH = YES;
				CODE_SIGN_IDENTITY = "iPhone Developer";
				COPY_PHASE_STRIP = NO;
				DEBUG_INFORMATION_FORMAT = "dwarf-with-dsym";
				ENABLE_NS_ASSERTIONS = NO;
				ENABLE_STRICT_OBJC_MSGSEND = YES;
				GCC_C_LANGUAGE_STANDARD = gnu11;
				GCC_NO_COMMON_BLOCKS = YES;
				GCC_WARN_64_TO_32_BIT_CONVERSION = YES;
				GCC_WARN_ABOUT_RETURN_TYPE = YES_ERROR;
				GCC_WARN_UNDECLARED_SELECTOR = YES;
				GCC_WARN_UNINITIALIZED_AUTOS = YES_AGGRESSIVE;
				GCC_WARN_UNUSED_FUNCTION = YES;
				GCC_WARN_UNUSED_VARIABLE = YES;
				IPHONEOS_DEPLOYMENT_TARGET = 12.4;
				MTL_ENABLE_DEBUG_INFO = NO;
				MTL_FAST_MATH = YES;
				SDKROOT = iphoneos;
				SWIFT_COMPILATION_MODE = wholemodule;
				SWIFT_OPTIMIZATION_LEVEL = "-O";
				VALIDATE_PRODUCT = YES;
			};
			name = Release;
		};
		DE63995D24FB9C5E00DF55E1 /* Debug */ = {
			isa = XCBuildConfiguration;
			buildSettings = {
				ASSETCATALOG_COMPILER_APPICON_NAME = AppIcon;
				CODE_SIGN_STYLE = Automatic;
				INFOPLIST_FILE = SugarGit/Info.plist;
				LD_RUNPATH_SEARCH_PATHS = (
					"$(inherited)",
					"@executable_path/Frameworks",
				);
				PRODUCT_BUNDLE_IDENTIFIER = Sugarfly.SugarGit;
				PRODUCT_NAME = "$(TARGET_NAME)";
				SWIFT_VERSION = 5.0;
				TARGETED_DEVICE_FAMILY = "1,2";
			};
			name = Debug;
		};
		DE63995E24FB9C5E00DF55E1 /* Release */ = {
			isa = XCBuildConfiguration;
			buildSettings = {
				ASSETCATALOG_COMPILER_APPICON_NAME = AppIcon;
				CODE_SIGN_STYLE = Automatic;
				INFOPLIST_FILE = SugarGit/Info.plist;
				LD_RUNPATH_SEARCH_PATHS = (
					"$(inherited)",
					"@executable_path/Frameworks",
				);
				PRODUCT_BUNDLE_IDENTIFIER = Sugarfly.SugarGit;
				PRODUCT_NAME = "$(TARGET_NAME)";
				SWIFT_VERSION = 5.0;
				TARGETED_DEVICE_FAMILY = "1,2";
			};
			name = Release;
		};
/* End XCBuildConfiguration section */

/* Begin XCConfigurationList section */
		DE63994524FB9C5D00DF55E1 /* Build configuration list for PBXProject "SugarGit" */ = {
			isa = XCConfigurationList;
			buildConfigurations = (
				DE63995A24FB9C5E00DF55E1 /* Debug */,
				DE63995B24FB9C5E00DF55E1 /* Release */,
			);
			defaultConfigurationIsVisible = 0;
			defaultConfigurationName = Release;
		};
		DE63995C24FB9C5E00DF55E1 /* Build configuration list for PBXNativeTarget "SugarGit" */ = {
			isa = XCConfigurationList;
			buildConfigurations = (
				DE63995D24FB9C5E00DF55E1 /* Debug */,
				DE63995E24FB9C5E00DF55E1 /* Release */,
			);
			defaultConfigurationIsVisible = 0;
			defaultConfigurationName = Release;
		};
/* End XCConfigurationList section */
	};
	rootObject = DE63994224FB9C5D00DF55E1 /* Project object */;
}
